
Microsoft Visual Studio Solution File, Format Version 12.00
# Visual Studio Version 17
VisualStudioVersion = 17.4.33213.308
MinimumVisualStudioVersion = 10.0.40219.1
Project("{FAE04EC0-301F-11D3-BF4B-00C04F79EFBC}") = "SupportBot", "SupportBot.csproj", "{84804A12-9AA9-4A3E-82F5-03D55E426417}"
EndProject
Global
	GlobalSection(SolutionConfigurationPlatforms) = preSolution
		Debug|Any CPU = Debug|Any CPU
		Release|Any CPU = Release|Any CPU
	EndGlobalSection
	GlobalSection(ProjectConfigurationPlatforms) = postSolution
		{84804A12-9AA9-4A3E-82F5-03D55E426417}.Debug|Any CPU.ActiveCfg = Debug|Any CPU
		{84804A12-9AA9-4A3E-82F5-03D55E426417}.Debug|Any CPU.Build.0 = Debug|Any CPU
		{84804A12-9AA9-4A3E-82F5-03D55E426417}.Release|Any CPU.ActiveCfg = Release|Any CPU
		{84804A12-9AA9-4A3E-82F5-03D55E426417}.Release|Any CPU.Build.0 = Release|Any CPU
	EndGlobalSection
	GlobalSection(SolutionProperties) = preSolution
		HideSolutionNode = FALSE
	EndGlobalSection
	GlobalSection(ExtensibilityGlobals) = postSolution
		SolutionGuid = {F7C10B6A-C305-4E17-94A7-25692960EBAC}
	EndGlobalSection
EndGlobal
